
Microsoft Visual Studio Solution File, Format Version 12.00
# Visual Studio 15
VisualStudioVersion = 15.0.28307.960
MinimumVisualStudioVersion = 10.0.40219.1
Project("{FAE04EC0-301F-11D3-BF4B-00C04F79EFBC}") = "21-HolaMundoAjax", "21-HolaMundoAjax\21-HolaMundoAjax.csproj", "{4486B34F-D7E4-4DBD-99B6-9585DD01E613}"
EndProject
Global
	GlobalSection(SolutionConfigurationPlatforms) = preSolution
		Debug|Any CPU = Debug|Any CPU
		Release|Any CPU = Release|Any CPU
	EndGlobalSection
	GlobalSection(ProjectConfigurationPlatforms) = postSolution
		{4486B34F-D7E4-4DBD-99B6-9585DD01E613}.Debug|Any CPU.ActiveCfg = Debug|Any CPU
		{4486B34F-D7E4-4DBD-99B6-9585DD01E613}.Debug|Any CPU.Build.0 = Debug|Any CPU
		{4486B34F-D7E4-4DBD-99B6-9585DD01E613}.Release|Any CPU.ActiveCfg = Release|Any CPU
		{4486B34F-D7E4-4DBD-99B6-9585DD01E613}.Release|Any CPU.Build.0 = Release|Any CPU
	EndGlobalSection
	GlobalSection(SolutionProperties) = preSolution
		HideSolutionNode = FALSE
	EndGlobalSection
	GlobalSection(ExtensibilityGlobals) = postSolution
		SolutionGuid = {89E9AE5E-8821-44A9-9AED-C8CF5DA2C35A}
	EndGlobalSection
EndGlobal
