
Microsoft Visual Studio Solution File, Format Version 12.00
# Visual Studio 15
VisualStudioVersion = 15.0.28307.852
MinimumVisualStudioVersion = 10.0.40219.1
Project("{FAE04EC0-301F-11D3-BF4B-00C04F79EFBC}") = "20-ClasesJS", "20-ClasesJS\20-ClasesJS.csproj", "{F1F2806B-3D96-4945-AC02-3771CF1758DC}"
EndProject
Global
	GlobalSection(SolutionConfigurationPlatforms) = preSolution
		Debug|Any CPU = Debug|Any CPU
		Release|Any CPU = Release|Any CPU
	EndGlobalSection
	GlobalSection(ProjectConfigurationPlatforms) = postSolution
		{F1F2806B-3D96-4945-AC02-3771CF1758DC}.Debug|Any CPU.ActiveCfg = Debug|Any CPU
		{F1F2806B-3D96-4945-AC02-3771CF1758DC}.Debug|Any CPU.Build.0 = Debug|Any CPU
		{F1F2806B-3D96-4945-AC02-3771CF1758DC}.Release|Any CPU.ActiveCfg = Release|Any CPU
		{F1F2806B-3D96-4945-AC02-3771CF1758DC}.Release|Any CPU.Build.0 = Release|Any CPU
	EndGlobalSection
	GlobalSection(SolutionProperties) = preSolution
		HideSolutionNode = FALSE
	EndGlobalSection
	GlobalSection(ExtensibilityGlobals) = postSolution
		SolutionGuid = {2DB797DF-F8B7-4ABD-A8CF-0B77AFB2EC65}
	EndGlobalSection
EndGlobal
