
Microsoft Visual Studio Solution File, Format Version 12.00
# Visual Studio 15
VisualStudioVersion = 15.0.28307.902
MinimumVisualStudioVersion = 10.0.40219.1
Project("{FAE04EC0-301F-11D3-BF4B-00C04F79EFBC}") = "12-CRUD-Personas-UI", "12-CRUD-Personas-UI\12-CRUD-Personas-UI.csproj", "{11836E62-87AA-4304-BBF8-2390FAFA9984}"
EndProject
Project("{FAE04EC0-301F-11D3-BF4B-00C04F79EFBC}") = "12-CRUD-Personas-DAL", "12-CRUD-Personas-DAL\12-CRUD-Personas-DAL.csproj", "{1DB75C03-55D1-491D-9DE4-AB9055B4CF55}"
EndProject
Project("{FAE04EC0-301F-11D3-BF4B-00C04F79EFBC}") = "12-CRUD-Personas-BL", "12-CRUD-Personas-BL\12-CRUD-Personas-BL.csproj", "{C8D40A00-60B4-44A3-8622-39272E3AE61B}"
EndProject
Project("{FAE04EC0-301F-11D3-BF4B-00C04F79EFBC}") = "12-CRUD-Personas-Entities", "12-CRUD-Personas-Entities\12-CRUD-Personas-Entities.csproj", "{5CE91536-D6C1-419C-960D-A68BBEE3C234}"
EndProject
Global
	GlobalSection(SolutionConfigurationPlatforms) = preSolution
		Debug|Any CPU = Debug|Any CPU
		Release|Any CPU = Release|Any CPU
	EndGlobalSection
	GlobalSection(ProjectConfigurationPlatforms) = postSolution
		{11836E62-87AA-4304-BBF8-2390FAFA9984}.Debug|Any CPU.ActiveCfg = Debug|Any CPU
		{11836E62-87AA-4304-BBF8-2390FAFA9984}.Debug|Any CPU.Build.0 = Debug|Any CPU
		{11836E62-87AA-4304-BBF8-2390FAFA9984}.Release|Any CPU.ActiveCfg = Release|Any CPU
		{11836E62-87AA-4304-BBF8-2390FAFA9984}.Release|Any CPU.Build.0 = Release|Any CPU
		{1DB75C03-55D1-491D-9DE4-AB9055B4CF55}.Debug|Any CPU.ActiveCfg = Debug|Any CPU
		{1DB75C03-55D1-491D-9DE4-AB9055B4CF55}.Debug|Any CPU.Build.0 = Debug|Any CPU
		{1DB75C03-55D1-491D-9DE4-AB9055B4CF55}.Release|Any CPU.ActiveCfg = Release|Any CPU
		{1DB75C03-55D1-491D-9DE4-AB9055B4CF55}.Release|Any CPU.Build.0 = Release|Any CPU
		{C8D40A00-60B4-44A3-8622-39272E3AE61B}.Debug|Any CPU.ActiveCfg = Debug|Any CPU
		{C8D40A00-60B4-44A3-8622-39272E3AE61B}.Debug|Any CPU.Build.0 = Debug|Any CPU
		{C8D40A00-60B4-44A3-8622-39272E3AE61B}.Release|Any CPU.ActiveCfg = Release|Any CPU
		{C8D40A00-60B4-44A3-8622-39272E3AE61B}.Release|Any CPU.Build.0 = Release|Any CPU
		{5CE91536-D6C1-419C-960D-A68BBEE3C234}.Debug|Any CPU.ActiveCfg = Debug|Any CPU
		{5CE91536-D6C1-419C-960D-A68BBEE3C234}.Debug|Any CPU.Build.0 = Debug|Any CPU
		{5CE91536-D6C1-419C-960D-A68BBEE3C234}.Release|Any CPU.ActiveCfg = Release|Any CPU
		{5CE91536-D6C1-419C-960D-A68BBEE3C234}.Release|Any CPU.Build.0 = Release|Any CPU
	EndGlobalSection
	GlobalSection(SolutionProperties) = preSolution
		HideSolutionNode = FALSE
	EndGlobalSection
	GlobalSection(ExtensibilityGlobals) = postSolution
		SolutionGuid = {64647EF8-3364-4415-9945-B977BDDBC3D4}
	EndGlobalSection
EndGlobal
